// !$*UTF8*$!
{
	archiveVersion = 1;
	classes = {
	};
	objectVersion = 56;
	objects = {

/* Begin PBXBuildFile section */
		6F0C5C1E2B11C0C100800483 /* NearbyAppApp.swift in Sources */ = {isa = PBXBuildFile; fileRef = 6F0C5C1D2B11C0C100800483 /* NearbyAppApp.swift */; };
		6F0C5C202B11C0C100800483 /* VenueListView.swift in Sources */ = {isa = PBXBuildFile; fileRef = 6F0C5C1F2B11C0C100800483 /* VenueListView.swift */; };
		6F0C5C222B11C0C700800483 /* Assets.xcassets in Resources */ = {isa = PBXBuildFile; fileRef = 6F0C5C212B11C0C700800483 /* Assets.xcassets */; };
		6F0C5C252B11C0C700800483 /* Preview Assets.xcassets in Resources */ = {isa = PBXBuildFile; fileRef = 6F0C5C242B11C0C700800483 /* Preview Assets.xcassets */; };
		6F0C5C2D2B11C0F400800483 /* Venue.swift in Sources */ = {isa = PBXBuildFile; fileRef = 6F0C5C2C2B11C0F400800483 /* Venue.swift */; };
		6F0C5C302B11C1FA00800483 /* API.swift in Sources */ = {isa = PBXBuildFile; fileRef = 6F0C5C2F2B11C1FA00800483 /* API.swift */; };
		6F0C5C322B11C27B00800483 /* NearbyPlacesAPI.swift in Sources */ = {isa = PBXBuildFile; fileRef = 6F0C5C312B11C27B00800483 /* NearbyPlacesAPI.swift */; };
		6F0C5C342B11C50B00800483 /* NetworkManager.swift in Sources */ = {isa = PBXBuildFile; fileRef = 6F0C5C332B11C50B00800483 /* NetworkManager.swift */; };
/* End PBXBuildFile section */

/* Begin PBXFileReference section */
		6F0C5C1A2B11C0C100800483 /* NearbyApp.app */ = {isa = PBXFileReference; explicitFileType = wrapper.application; includeInIndex = 0; path = NearbyApp.app; sourceTree = BUILT_PRODUCTS_DIR; };
		6F0C5C1D2B11C0C100800483 /* NearbyAppApp.swift */ = {isa = PBXFileReference; lastKnownFileType = sourcecode.swift; path = NearbyAppApp.swift; sourceTree = "<group>"; };
		6F0C5C1F2B11C0C100800483 /* VenueListView.swift */ = {isa = PBXFileReference; lastKnownFileType = sourcecode.swift; path = VenueListView.swift; sourceTree = "<group>"; };
		6F0C5C212B11C0C700800483 /* Assets.xcassets */ = {isa = PBXFileReference; lastKnownFileType = folder.assetcatalog; path = Assets.xcassets; sourceTree = "<group>"; };
		6F0C5C242B11C0C700800483 /* Preview Assets.xcassets */ = {isa = PBXFileReference; lastKnownFileType = folder.assetcatalog; path = "Preview Assets.xcassets"; sourceTree = "<group>"; };
		6F0C5C2C2B11C0F400800483 /* Venue.swift */ = {isa = PBXFileReference; lastKnownFileType = sourcecode.swift; path = Venue.swift; sourceTree = "<group>"; };
		6F0C5C2F2B11C1FA00800483 /* API.swift */ = {isa = PBXFileReference; lastKnownFileType = sourcecode.swift; path = API.swift; sourceTree = "<group>"; };
		6F0C5C312B11C27B00800483 /* NearbyPlacesAPI.swift */ = {isa = PBXFileReference; lastKnownFileType = sourcecode.swift; path = NearbyPlacesAPI.swift; sourceTree = "<group>"; };
		6F0C5C332B11C50B00800483 /* NetworkManager.swift */ = {isa = PBXFileReference; lastKnownFileType = sourcecode.swift; path = NetworkManager.swift; sourceTree = "<group>"; };
/* End PBXFileReference section */

/* Begin PBXFrameworksBuildPhase section */
		6F0C5C172B11C0C100800483 /* Frameworks */ = {
			isa = PBXFrameworksBuildPhase;
			buildActionMask = 2147483647;
			files = (
			);
			runOnlyForDeploymentPostprocessing = 0;
		};
/* End PBXFrameworksBuildPhase section */

/* Begin PBXGroup section */
		6F0C5C112B11C0C100800483 = {
			isa = PBXGroup;
			children = (
				6F0C5C1C2B11C0C100800483 /* NearbyApp */,
				6F0C5C1B2B11C0C100800483 /* Products */,
			);
			sourceTree = "<group>";
		};
		6F0C5C1B2B11C0C100800483 /* Products */ = {
			isa = PBXGroup;
			children = (
				6F0C5C1A2B11C0C100800483 /* NearbyApp.app */,
			);
			name = Products;
			sourceTree = "<group>";
		};
		6F0C5C1C2B11C0C100800483 /* NearbyApp */ = {
			isa = PBXGroup;
			children = (
				6F0C5C2E2B11C18C00800483 /* NetworkManager */,
				6F0C5C2B2B11C0DF00800483 /* Models */,
				6F0C5C1D2B11C0C100800483 /* NearbyAppApp.swift */,
				6F0C5C1F2B11C0C100800483 /* VenueListView.swift */,
				6F0C5C212B11C0C700800483 /* Assets.xcassets */,
				6F0C5C232B11C0C700800483 /* Preview Content */,
			);
			path = NearbyApp;
			sourceTree = "<group>";
		};
		6F0C5C232B11C0C700800483 /* Preview Content */ = {
			isa = PBXGroup;
			children = (
				6F0C5C242B11C0C700800483 /* Preview Assets.xcassets */,
			);
			path = "Preview Content";
			sourceTree = "<group>";
		};
		6F0C5C2B2B11C0DF00800483 /* Models */ = {
			isa = PBXGroup;
			children = (
				6F0C5C2C2B11C0F400800483 /* Venue.swift */,
			);
			path = Models;
			sourceTree = "<group>";
		};
		6F0C5C2E2B11C18C00800483 /* NetworkManager */ = {
			isa = PBXGroup;
			children = (
				6F0C5C2F2B11C1FA00800483 /* API.swift */,
				6F0C5C312B11C27B00800483 /* NearbyPlacesAPI.swift */,
				6F0C5C332B11C50B00800483 /* NetworkManager.swift */,
			);
			path = NetworkManager;
			sourceTree = "<group>";
		};
/* End PBXGroup section */

/* Begin PBXNativeTarget section */
		6F0C5C192B11C0C100800483 /* NearbyApp */ = {
			isa = PBXNativeTarget;
			buildConfigurationList = 6F0C5C282B11C0C700800483 /* Build configuration list for PBXNativeTarget "NearbyApp" */;
			buildPhases = (
				6F0C5C162B11C0C100800483 /* Sources */,
				6F0C5C172B11C0C100800483 /* Frameworks */,
				6F0C5C182B11C0C100800483 /* Resources */,
			);
			buildRules = (
			);
			dependencies = (
			);
			name = NearbyApp;
			productName = NearbyApp;
			productReference = 6F0C5C1A2B11C0C100800483 /* NearbyApp.app */;
			productType = "com.apple.product-type.application";
		};
/* End PBXNativeTarget section */

/* Begin PBXProject section */
		6F0C5C122B11C0C100800483 /* Project object */ = {
			isa = PBXProject;
			attributes = {
				BuildIndependentTargetsInParallel = 1;
				LastSwiftUpdateCheck = 1500;
				LastUpgradeCheck = 1500;
				TargetAttributes = {
					6F0C5C192B11C0C100800483 = {
						CreatedOnToolsVersion = 15.0.1;
					};
				};
			};
			buildConfigurationList = 6F0C5C152B11C0C100800483 /* Build configuration list for PBXProject "NearbyApp" */;
			compatibilityVersion = "Xcode 14.0";
			developmentRegion = en;
			hasScannedForEncodings = 0;
			knownRegions = (
				en,
				Base,
			);
			mainGroup = 6F0C5C112B11C0C100800483;
			productRefGroup = 6F0C5C1B2B11C0C100800483 /* Products */;
			projectDirPath = "";
			projectRoot = "";
			targets = (
				6F0C5C192B11C0C100800483 /* NearbyApp */,
			);
		};
/* End PBXProject section */

/* Begin PBXResourcesBuildPhase section */
		6F0C5C182B11C0C100800483 /* Resources */ = {
			isa = PBXResourcesBuildPhase;
			buildActionMask = 2147483647;
			files = (
				6F0C5C252B11C0C700800483 /* Preview Assets.xcassets in Resources */,
				6F0C5C222B11C0C700800483 /* Assets.xcassets in Resources */,
			);
			runOnlyForDeploymentPostprocessing = 0;
		};
/* End PBXResourcesBuildPhase section */

/* Begin PBXSourcesBuildPhase section */
		6F0C5C162B11C0C100800483 /* Sources */ = {
			isa = PBXSourcesBuildPhase;
			buildActionMask = 2147483647;
			files = (
				6F0C5C342B11C50B00800483 /* NetworkManager.swift in Sources */,
				6F0C5C202B11C0C100800483 /* VenueListView.swift in Sources */,
				6F0C5C2D2B11C0F400800483 /* Venue.swift in Sources */,
				6F0C5C302B11C1FA00800483 /* API.swift in Sources */,
				6F0C5C1E2B11C0C100800483 /* NearbyAppApp.swift in Sources */,
				6F0C5C322B11C27B00800483 /* NearbyPlacesAPI.swift in Sources */,
			);
			runOnlyForDeploymentPostprocessing = 0;
		};
/* End PBXSourcesBuildPhase section */

/* Begin XCBuildConfiguration section */
		6F0C5C262B11C0C700800483 /* Debug */ = {
			isa = XCBuildConfiguration;
			buildSettings = {
				ALWAYS_SEARCH_USER_PATHS = NO;
				ASSETCATALOG_COMPILER_GENERATE_SWIFT_ASSET_SYMBOL_EXTENSIONS = YES;
				CLANG_ANALYZER_NONNULL = YES;
				CLANG_ANALYZER_NUMBER_OBJECT_CONVERSION = YES_AGGRESSIVE;
				CLANG_CXX_LANGUAGE_STANDARD = "gnu++20";
				CLANG_ENABLE_MODULES = YES;
				CLANG_ENABLE_OBJC_ARC = YES;
				CLANG_ENABLE_OBJC_WEAK = YES;
				CLANG_WARN_BLOCK_CAPTURE_AUTORELEASING = YES;
				CLANG_WARN_BOOL_CONVERSION = YES;
				CLANG_WARN_COMMA = YES;
				CLANG_WARN_CONSTANT_CONVERSION = YES;
				CLANG_WARN_DEPRECATED_OBJC_IMPLEMENTATIONS = YES;
				CLANG_WARN_DIRECT_OBJC_ISA_USAGE = YES_ERROR;
				CLANG_WARN_DOCUMENTATION_COMMENTS = YES;
				CLANG_WARN_EMPTY_BODY = YES;
				CLANG_WARN_ENUM_CONVERSION = YES;
				CLANG_WARN_INFINITE_RECURSION = YES;
				CLANG_WARN_INT_CONVERSION = YES;
				CLANG_WARN_NON_LITERAL_NULL_CONVERSION = YES;
				CLANG_WARN_OBJC_IMPLICIT_RETAIN_SELF = YES;
				CLANG_WARN_OBJC_LITERAL_CONVERSION = YES;
				CLANG_WARN_OBJC_ROOT_CLASS = YES_ERROR;
				CLANG_WARN_QUOTED_INCLUDE_IN_FRAMEWORK_HEADER = YES;
				CLANG_WARN_RANGE_LOOP_ANALYSIS = YES;
				CLANG_WARN_STRICT_PROTOTYPES = YES;
				CLANG_WARN_SUSPICIOUS_MOVE = YES;
				CLANG_WARN_UNGUARDED_AVAILABILITY = YES_AGGRESSIVE;
				CLANG_WARN_UNREACHABLE_CODE = YES;
				CLANG_WARN__DUPLICATE_METHOD_MATCH = YES;
				COPY_PHASE_STRIP = NO;
				DEBUG_INFORMATION_FORMAT = dwarf;
				ENABLE_STRICT_OBJC_MSGSEND = YES;
				ENABLE_TESTABILITY = YES;
				ENABLE_USER_SCRIPT_SANDBOXING = YES;
				GCC_C_LANGUAGE_STANDARD = gnu17;
				GCC_DYNAMIC_NO_PIC = NO;
				GCC_NO_COMMON_BLOCKS = YES;
				GCC_OPTIMIZATION_LEVEL = 0;
				GCC_PREPROCESSOR_DEFINITIONS = (
					"DEBUG=1",
					"$(inherited)",
				);
				GCC_WARN_64_TO_32_BIT_CONVERSION = YES;
				GCC_WARN_ABOUT_RETURN_TYPE = YES_ERROR;
				GCC_WARN_UNDECLARED_SELECTOR = YES;
				GCC_WARN_UNINITIALIZED_AUTOS = YES_AGGRESSIVE;
				GCC_WARN_UNUSED_FUNCTION = YES;
				GCC_WARN_UNUSED_VARIABLE = YES;
				IPHONEOS_DEPLOYMENT_TARGET = 17.0;
				LOCALIZATION_PREFERS_STRING_CATALOGS = YES;
				MTL_ENABLE_DEBUG_INFO = INCLUDE_SOURCE;
				MTL_FAST_MATH = YES;
				ONLY_ACTIVE_ARCH = YES;
				SDKROOT = iphoneos;
				SWIFT_ACTIVE_COMPILATION_CONDITIONS = "DEBUG $(inherited)";
				SWIFT_OPTIMIZATION_LEVEL = "-Onone";
			};
			name = Debug;
		};
		6F0C5C272B11C0C700800483 /* Release */ = {
			isa = XCBuildConfiguration;
			buildSettings = {
				ALWAYS_SEARCH_USER_PATHS = NO;
				ASSETCATALOG_COMPILER_GENERATE_SWIFT_ASSET_SYMBOL_EXTENSIONS = YES;
				CLANG_ANALYZER_NONNULL = YES;
				CLANG_ANALYZER_NUMBER_OBJECT_CONVERSION = YES_AGGRESSIVE;
				CLANG_CXX_LANGUAGE_STANDARD = "gnu++20";
				CLANG_ENABLE_MODULES = YES;
				CLANG_ENABLE_OBJC_ARC = YES;
				CLANG_ENABLE_OBJC_WEAK = YES;
				CLANG_WARN_BLOCK_CAPTURE_AUTORELEASING = YES;
				CLANG_WARN_BOOL_CONVERSION = YES;
				CLANG_WARN_COMMA = YES;
				CLANG_WARN_CONSTANT_CONVERSION = YES;
				CLANG_WARN_DEPRECATED_OBJC_IMPLEMENTATIONS = YES;
				CLANG_WARN_DIRECT_OBJC_ISA_USAGE = YES_ERROR;
				CLANG_WARN_DOCUMENTATION_COMMENTS = YES;
				CLANG_WARN_EMPTY_BODY = YES;
				CLANG_WARN_ENUM_CONVERSION = YES;
				CLANG_WARN_INFINITE_RECURSION = YES;
				CLANG_WARN_INT_CONVERSION = YES;
				CLANG_WARN_NON_LITERAL_NULL_CONVERSION = YES;
				CLANG_WARN_OBJC_IMPLICIT_RETAIN_SELF = YES;
				CLANG_WARN_OBJC_LITERAL_CONVERSION = YES;
				CLANG_WARN_OBJC_ROOT_CLASS = YES_ERROR;
				CLANG_WARN_QUOTED_INCLUDE_IN_FRAMEWORK_HEADER = YES;
				CLANG_WARN_RANGE_LOOP_ANALYSIS = YES;
				CLANG_WARN_STRICT_PROTOTYPES = YES;
				CLANG_WARN_SUSPICIOUS_MOVE = YES;
				CLANG_WARN_UNGUARDED_AVAILABILITY = YES_AGGRESSIVE;
				CLANG_WARN_UNREACHABLE_CODE = YES;
				CLANG_WARN__DUPLICATE_METHOD_MATCH = YES;
				COPY_PHASE_STRIP = NO;
				DEBUG_INFORMATION_FORMAT = "dwarf-with-dsym";
				ENABLE_NS_ASSERTIONS = NO;
				ENABLE_STRICT_OBJC_MSGSEND = YES;
				ENABLE_USER_SCRIPT_SANDBOXING = YES;
				GCC_C_LANGUAGE_STANDARD = gnu17;
				GCC_NO_COMMON_BLOCKS = YES;
				GCC_WARN_64_TO_32_BIT_CONVERSION = YES;
				GCC_WARN_ABOUT_RETURN_TYPE = YES_ERROR;
				GCC_WARN_UNDECLARED_SELECTOR = YES;
				GCC_WARN_UNINITIALIZED_AUTOS = YES_AGGRESSIVE;
				GCC_WARN_UNUSED_FUNCTION = YES;
				GCC_WARN_UNUSED_VARIABLE = YES;
				IPHONEOS_DEPLOYMENT_TARGET = 17.0;
				LOCALIZATION_PREFERS_STRING_CATALOGS = YES;
				MTL_ENABLE_DEBUG_INFO = NO;
				MTL_FAST_MATH = YES;
				SDKROOT = iphoneos;
				SWIFT_COMPILATION_MODE = wholemodule;
				VALIDATE_PRODUCT = YES;
			};
			name = Release;
		};
		6F0C5C292B11C0C700800483 /* Debug */ = {
			isa = XCBuildConfiguration;
			buildSettings = {
				ASSETCATALOG_COMPILER_APPICON_NAME = AppIcon;
				ASSETCATALOG_COMPILER_GLOBAL_ACCENT_COLOR_NAME = AccentColor;
				CODE_SIGN_STYLE = Automatic;
				CURRENT_PROJECT_VERSION = 1;
				DEVELOPMENT_ASSET_PATHS = "\"NearbyApp/Preview Content\"";
				ENABLE_PREVIEWS = YES;
				GENERATE_INFOPLIST_FILE = YES;
				INFOPLIST_KEY_UIApplicationSceneManifest_Generation = YES;
				INFOPLIST_KEY_UIApplicationSupportsIndirectInputEvents = YES;
				INFOPLIST_KEY_UILaunchScreen_Generation = YES;
				INFOPLIST_KEY_UISupportedInterfaceOrientations_iPad = "UIInterfaceOrientationPortrait UIInterfaceOrientationPortraitUpsideDown UIInterfaceOrientationLandscapeLeft UIInterfaceOrientationLandscapeRight";
				INFOPLIST_KEY_UISupportedInterfaceOrientations_iPhone = "UIInterfaceOrientationPortrait UIInterfaceOrientationLandscapeLeft UIInterfaceOrientationLandscapeRight";
				LD_RUNPATH_SEARCH_PATHS = (
					"$(inherited)",
					"@executable_path/Frameworks",
				);
				MARKETING_VERSION = 1.0;
				PRODUCT_BUNDLE_IDENTIFIER = com.gs.NearbyApp;
				PRODUCT_NAME = "$(TARGET_NAME)";
				SWIFT_EMIT_LOC_STRINGS = YES;
				SWIFT_VERSION = 5.0;
				TARGETED_DEVICE_FAMILY = "1,2";
			};
			name = Debug;
		};
		6F0C5C2A2B11C0C700800483 /* Release */ = {
			isa = XCBuildConfiguration;
			buildSettings = {
				ASSETCATALOG_COMPILER_APPICON_NAME = AppIcon;
				ASSETCATALOG_COMPILER_GLOBAL_ACCENT_COLOR_NAME = AccentColor;
				CODE_SIGN_STYLE = Automatic;
				CURRENT_PROJECT_VERSION = 1;
				DEVELOPMENT_ASSET_PATHS = "\"NearbyApp/Preview Content\"";
				ENABLE_PREVIEWS = YES;
				GENERATE_INFOPLIST_FILE = YES;
				INFOPLIST_KEY_UIApplicationSceneManifest_Generation = YES;
				INFOPLIST_KEY_UIApplicationSupportsIndirectInputEvents = YES;
				INFOPLIST_KEY_UILaunchScreen_Generation = YES;
				INFOPLIST_KEY_UISupportedInterfaceOrientations_iPad = "UIInterfaceOrientationPortrait UIInterfaceOrientationPortraitUpsideDown UIInterfaceOrientationLandscapeLeft UIInterfaceOrientationLandscapeRight";
				INFOPLIST_KEY_UISupportedInterfaceOrientations_iPhone = "UIInterfaceOrientationPortrait UIInterfaceOrientationLandscapeLeft UIInterfaceOrientationLandscapeRight";
				LD_RUNPATH_SEARCH_PATHS = (
					"$(inherited)",
					"@executable_path/Frameworks",
				);
				MARKETING_VERSION = 1.0;
				PRODUCT_BUNDLE_IDENTIFIER = com.gs.NearbyApp;
				PRODUCT_NAME = "$(TARGET_NAME)";
				SWIFT_EMIT_LOC_STRINGS = YES;
				SWIFT_VERSION = 5.0;
				TARGETED_DEVICE_FAMILY = "1,2";
			};
			name = Release;
		};
/* End XCBuildConfiguration section */

/* Begin XCConfigurationList section */
		6F0C5C152B11C0C100800483 /* Build configuration list for PBXProject "NearbyApp" */ = {
			isa = XCConfigurationList;
			buildConfigurations = (
				6F0C5C262B11C0C700800483 /* Debug */,
				6F0C5C272B11C0C700800483 /* Release */,
			);
			defaultConfigurationIsVisible = 0;
			defaultConfigurationName = Release;
		};
		6F0C5C282B11C0C700800483 /* Build configuration list for PBXNativeTarget "NearbyApp" */ = {
			isa = XCConfigurationList;
			buildConfigurations = (
				6F0C5C292B11C0C700800483 /* Debug */,
				6F0C5C2A2B11C0C700800483 /* Release */,
			);
			defaultConfigurationIsVisible = 0;
			defaultConfigurationName = Release;
		};
/* End XCConfigurationList section */
	};
	rootObject = 6F0C5C122B11C0C100800483 /* Project object */;
}
